# This file is autogenerated, do not edit; changes may be undone by the next 'dep ensure'.


[[projects]]
  name = "github.com/go-redis/redis"
  packages = [
    ".",
    "internal",
    "internal/consistenthash",
    "internal/hashtag",
    "internal/pool",
    "internal/proto",
    "internal/singleflight"
  ]
  revision = "fa7f64f7f27348658ecfa71dd71dfb2d112e2f86"
  version = "v6.9.0"

[[projects]]
  name = "github.com/gorilla/context"
  packages = ["."]
  revision = "1ea25387ff6f684839d82767c1733ff4d4d15d0a"
  version = "v1.1"

[[projects]]
  name = "github.com/gorilla/mux"
  packages = ["."]
  revision = "53c1911da2b537f792e7cafcb446b05ffe33b996"
  version = "v1.6.1"

[[projects]]
  branch = "master"
  name = "github.com/onrik/ethrpc"
  packages = ["."]
  revision = "7c487bfc037a181453117d50f7f1b9b02ad5c725"

[solve-meta]
  analyzer-name = "dep"
  analyzer-version = 1
  inputs-digest = "c92d5e1b5c96daae58e9ebb888d459ee7c1b5c5c18bfc0b17728e16edbe2a33b"
  solver-name = "gps-cdcl"
  solver-version = 1
